
Microsoft Visual Studio Solution File, Format Version 12.00
# Visual Studio Version 16
VisualStudioVersion = 16.0.31025.194
MinimumVisualStudioVersion = 10.0.40219.1
Project("{FAE04EC0-301F-11D3-BF4B-00C04F79EFBC}") = "ScrumPokerAPI", "ScrumPokerAPI\ScrumPokerAPI.csproj", "{D11808E3-394F-4BA9-B047-58EC29803CB9}"
EndProject
Global
	GlobalSection(SolutionConfigurationPlatforms) = preSolution
		Debug|Any CPU = Debug|Any CPU
		Release|Any CPU = Release|Any CPU
	EndGlobalSection
	GlobalSection(ProjectConfigurationPlatforms) = postSolution
		{D11808E3-394F-4BA9-B047-58EC29803CB9}.Debug|Any CPU.ActiveCfg = Debug|Any CPU
		{D11808E3-394F-4BA9-B047-58EC29803CB9}.Debug|Any CPU.Build.0 = Debug|Any CPU
		{D11808E3-394F-4BA9-B047-58EC29803CB9}.Release|Any CPU.ActiveCfg = Release|Any CPU
		{D11808E3-394F-4BA9-B047-58EC29803CB9}.Release|Any CPU.Build.0 = Release|Any CPU
	EndGlobalSection
	GlobalSection(SolutionProperties) = preSolution
		HideSolutionNode = FALSE
	EndGlobalSection
	GlobalSection(ExtensibilityGlobals) = postSolution
		SolutionGuid = {FC47442E-E7CC-4BFD-BC3C-9AE3EB78BEA8}
	EndGlobalSection
EndGlobal
